PODS:
  - FSPagerView (0.8.3)
  - ReachabilitySwift (5.0.0)
  - SDWebImage (5.5.2):
    - SDWebImage/Core (= 5.5.2)
  - SDWebImage/Core (5.5.2)
  - SVProgressHUD (2.2.5)

DEPENDENCIES:
  - FSPagerView
  - ReachabilitySwift
  - SDWebImage
  - SVProgressHUD

SPEC REPOS:
  trunk:
    - FSPagerView
    - ReachabilitySwift
    - SDWebImage
    - SVProgressHUD

SPEC CHECKSUMS:
  FSPagerView: 670405b2f18e2a87fa37f20b00de783e562c25a8
  ReachabilitySwift: 985039c6f7b23a1da463388634119492ff86c825
  SDWebImage: 4d5c027c935438f341ed33dbac53ff9f479922ca
  SVProgressHUD: 1428aafac632c1f86f62aa4243ec12008d7a51d6

PODFILE CHECKSUM: f25fbbc86446167bc894a2b789a1605f068b7be1

COCOAPODS: 1.8.4
