// !$*UTF8*$!
{
	archiveVersion = 1;
	classes = {
	};
	objectVersion = 48;
	objects = {

/* Begin PBXBuildFile section */
		30A92673918E6FE2F84E150F /* libPods-EasyBazi.a in Frameworks */ = {isa = PBXBuildFile; fileRef = 9AA131086A42EF2BE5872571 /* libPods-EasyBazi.a */; };
		4157212F249F67B800C2FFF2 /* motorcycle.svg in Resources */ = {isa = PBXBuildFile; fileRef = 4157212D249F67B800C2FFF2 /* motorcycle.svg */; };
		41572130249F67B800C2FFF2 /* save_money.svg in Resources */ = {isa = PBXBuildFile; fileRef = 4157212E249F67B800C2FFF2 /* save_money.svg */; };
		41572135249F695300C2FFF2 /* introthree.html in Resources */ = {isa = PBXBuildFile; fileRef = 41572133249F695300C2FFF2 /* introthree.html */; };
		41572136249F695300C2FFF2 /* introtwo.html in Resources */ = {isa = PBXBuildFile; fileRef = 41572134249F695300C2FFF2 /* introtwo.html */; };
		41F96131249DE57A00F83170 /* GetSingleGame.swift in Sources */ = {isa = PBXBuildFile; fileRef = 41F96130249DE57A00F83170 /* GetSingleGame.swift */; };
		5D010123219460CB00DEB2F4 /* MessageSeen.swift in Sources */ = {isa = PBXBuildFile; fileRef = 5D010122219460CB00DEB2F4 /* MessageSeen.swift */; };
		5D0101252194630C00DEB2F4 /* NewMessage.swift in Sources */ = {isa = PBXBuildFile; fileRef = 5D0101242194630C00DEB2F4 /* NewMessage.swift */; };
		5D07C8F821B40812005F4D33 /* RentVC.swift in Sources */ = {isa = PBXBuildFile; fileRef = 5D07C8F721B40812005F4D33 /* RentVC.swift */; };
		5D137CEC2257D36000FD7A11 /* SearchRentCell.swift in Sources */ = {isa = PBXBuildFile; fileRef = 5D137CEB2257D36000FD7A11 /* SearchRentCell.swift */; };
		5D17F7F7218AFCFF00DECDB8 /* SendMessage.swift in Sources */ = {isa = PBXBuildFile; fileRef = 5D17F7F6218AFCFF00DECDB8 /* SendMessage.swift */; };
		5D180CCD21A8373500DE444A /* UserFinance.swift in Sources */ = {isa = PBXBuildFile; fileRef = 5D180CCC21A8373500DE444A /* UserFinance.swift */; };
		5D1B6A63219CA8C600155BDC /* SanFranciscoDisplay-Medium.otf in Resources */ = {isa = PBXBuildFile; fileRef = 5D1B6A62219CA88F00155BDC /* SanFranciscoDisplay-Medium.otf */; };
		5D1BDD05215B8D96006741CF /* RentViewController.swift in Sources */ = {isa = PBXBuildFile; fileRef = 5D1BDD04215B8D96006741CF /* RentViewController.swift */; };
		5D1BDD08215B8E01006741CF /* RentTableViewCell.swift in Sources */ = {isa = PBXBuildFile; fileRef = 5D1BDD07215B8E01006741CF /* RentTableViewCell.swift */; };
		5D22F875217F1E4000765CE4 /* LogOut.swift in Sources */ = {isa = PBXBuildFile; fileRef = 5D22F874217F1E4000765CE4 /* LogOut.swift */; };
		5D2A81792171F1B3006D2D24 /* GameDetailsCell.swift in Sources */ = {isa = PBXBuildFile; fileRef = 5D2A81782171F1B3006D2D24 /* GameDetailsCell.swift */; };
		5D2A817B21721734006D2D24 /* GetDataForPostCV.swift in Sources */ = {isa = PBXBuildFile; fileRef = 5D2A817A21721733006D2D24 /* GetDataForPostCV.swift */; };
		5D2A817D21724546006D2D24 /* GetDataForSlider.swift in Sources */ = {isa = PBXBuildFile; fileRef = 5D2A817C21724546006D2D24 /* GetDataForSlider.swift */; };
		5D348A65216F481A004CD001 /* GetDataForRentVC.swift in Sources */ = {isa = PBXBuildFile; fileRef = 5D348A64216F481A004CD001 /* GetDataForRentVC.swift */; };
		5D348A67216F4BCC004CD001 /* GetDataForSaleVC.swift in Sources */ = {isa = PBXBuildFile; fileRef = 5D348A66216F4BCC004CD001 /* GetDataForSaleVC.swift */; };
		5D348A69216F4C0D004CD001 /* GetDataForSaleCV.swift in Sources */ = {isa = PBXBuildFile; fileRef = 5D348A68216F4C0D004CD001 /* GetDataForSaleCV.swift */; };
		5D348A6B216F4C1B004CD001 /* GetDataForRentCV.swift in Sources */ = {isa = PBXBuildFile; fileRef = 5D348A6A216F4C1B004CD001 /* GetDataForRentCV.swift */; };
		5D366306217719190097FC6A /* SignUp.swift in Sources */ = {isa = PBXBuildFile; fileRef = 5D366305217719190097FC6A /* SignUp.swift */; };
		5D3AED5E21A198FC007A1040 /* ReachabilityManager.swift in Sources */ = {isa = PBXBuildFile; fileRef = 5D3AED5D21A198FC007A1040 /* ReachabilityManager.swift */; };
		5D40550E218891DF006ADE71 /* MessageCell.swift in Sources */ = {isa = PBXBuildFile; fileRef = 5D40550D218891DF006ADE71 /* MessageCell.swift */; };
		5D4055102188920F006ADE71 /* SupportVC.swift in Sources */ = {isa = PBXBuildFile; fileRef = 5D40550F2188920F006ADE71 /* SupportVC.swift */; };
		5D4721C121A9B3F9005F9D6A /* Formatter.swift in Sources */ = {isa = PBXBuildFile; fileRef = 5D4721C021A9B3F9005F9D6A /* Formatter.swift */; };
		5D4ECE342168BCED001A7DE6 /* SearchFooter.swift in Sources */ = {isa = PBXBuildFile; fileRef = 5D4ECE332168BCED001A7DE6 /* SearchFooter.swift */; };
		5D4ECE372168CBFA001A7DE6 /* SearchCell.swift in Sources */ = {isa = PBXBuildFile; fileRef = 5D4ECE362168CBFA001A7DE6 /* SearchCell.swift */; };
		5D4ECE392168D1BF001A7DE6 /* Search.swift in Sources */ = {isa = PBXBuildFile; fileRef = 5D4ECE382168D1BF001A7DE6 /* Search.swift */; };
		5D518BC2224930E80035CF5E /* ActivityRentCV.swift in Sources */ = {isa = PBXBuildFile; fileRef = 5D518BC1224930E80035CF5E /* ActivityRentCV.swift */; };
		5D6689CC2199B87200FA752E /* BuyActivity.swift in Sources */ = {isa = PBXBuildFile; fileRef = 5D6689CB2199B87200FA752E /* BuyActivity.swift */; };
		5D70CB7921513A2C001D4C12 /* RentCollectionViewCell.swift in Sources */ = {isa = PBXBuildFile; fileRef = 5D70CB7821513A2C001D4C12 /* RentCollectionViewCell.swift */; };
		5D70CB7B21513E22001D4C12 /* NewsCollectionViewCell.swift in Sources */ = {isa = PBXBuildFile; fileRef = 5D70CB7A21513E22001D4C12 /* NewsCollectionViewCell.swift */; };
		5D782E15217B1653007D01D8 /* DataModel.xcdatamodeld in Sources */ = {isa = PBXBuildFile; fileRef = 5D782E13217B1653007D01D8 /* DataModel.xcdatamodeld */; };
		5D782E3E217B61D5007D01D8 /* SignIn.swift in Sources */ = {isa = PBXBuildFile; fileRef = 5D782E3D217B61D5007D01D8 /* SignIn.swift */; };
		5D790D76217B7C1100A0FBD1 /* CommentsVC.swift in Sources */ = {isa = PBXBuildFile; fileRef = 5D790D75217B7C1100A0FBD1 /* CommentsVC.swift */; };
		5D790D7A217B7EE700A0FBD1 /* GetDataForComments.swift in Sources */ = {isa = PBXBuildFile; fileRef = 5D790D79217B7EE700A0FBD1 /* GetDataForComments.swift */; };
		5D8483B82166416F00F52705 /* GetDataForRelated.swift in Sources */ = {isa = PBXBuildFile; fileRef = 5D8483B72166416F00F52705 /* GetDataForRelated.swift */; };
		5D8DBF79222E7AC8006D1CF3 /* CityCell.swift in Sources */ = {isa = PBXBuildFile; fileRef = 5D8DBF78222E7AC8006D1CF3 /* CityCell.swift */; };
		5D90D999216F680900209A9B /* GameDetails.swift in Sources */ = {isa = PBXBuildFile; fileRef = 5D90D998216F680900209A9B /* GameDetails.swift */; };
		5D942AB32177256900EA96DC /* ProfileController.swift in Sources */ = {isa = PBXBuildFile; fileRef = 5D942AB22177256900EA96DC /* ProfileController.swift */; };
		5DA3E6EF224BA93A00D4BC7F /* ActivityBuyCV.swift in Sources */ = {isa = PBXBuildFile; fileRef = 5DA3E6EE224BA93A00D4BC7F /* ActivityBuyCV.swift */; };
		5DA3E6F1224BD3FB00D4BC7F /* circleWithProgress.swift in Sources */ = {isa = PBXBuildFile; fileRef = 5DA3E6F0224BD3FB00D4BC7F /* circleWithProgress.swift */; };
		5DA83E2D222FDD3300692F63 /* Comment View.swift in Sources */ = {isa = PBXBuildFile; fileRef = 5DA83E2C222FDD3300692F63 /* Comment View.swift */; };
		5DBBFBE3214A99580037BFF6 /* AppDelegate.swift in Sources */ = {isa = PBXBuildFile; fileRef = 5DBBFBE2214A99580037BFF6 /* AppDelegate.swift */; };
		5DBBFBE5214A99580037BFF6 /* HomeViewController.swift in Sources */ = {isa = PBXBuildFile; fileRef = 5DBBFBE4214A99580037BFF6 /* HomeViewController.swift */; };
		5DBBFBE8214A99580037BFF6 /* Main.storyboard in Resources */ = {isa = PBXBuildFile; fileRef = 5DBBFBE6214A99580037BFF6 /* Main.storyboard */; };
		5DBBFBEA214A99580037BFF6 /* Assets.xcassets in Resources */ = {isa = PBXBuildFile; fileRef = 5DBBFBE9214A99580037BFF6 /* Assets.xcassets */; };
		5DBE570122494C7700BFE4A5 /* ActivityMenu.swift in Sources */ = {isa = PBXBuildFile; fileRef = 5DBE570022494C7700BFE4A5 /* ActivityMenu.swift */; };
		5DC05178222FCC00002EE2F6 /* IRAN_Sans.ttf in Resources */ = {isa = PBXBuildFile; fileRef = 5D70CB7F215142A9001D4C12 /* IRAN_Sans.ttf */; };
		5DC190F72151279200B08D9E /* SaleCollectionViewCell.swift in Sources */ = {isa = PBXBuildFile; fileRef = 5DC190F62151279200B08D9E /* SaleCollectionViewCell.swift */; };
		5DE4A87B217DDCDF00F03635 /* Comment.swift in Sources */ = {isa = PBXBuildFile; fileRef = 5DE4A87A217DDCDB00F03635 /* Comment.swift */; };
		5DEA3F07221C25EE0045E13E /* BottomList.swift in Sources */ = {isa = PBXBuildFile; fileRef = 5DEA3F06221C25EE0045E13E /* BottomList.swift */; };
		5DEA3F09221C263B0045E13E /* StateCell.swift in Sources */ = {isa = PBXBuildFile; fileRef = 5DEA3F08221C263B0045E13E /* StateCell.swift */; };
		5DEA3F0C221C2F2A0045E13E /* Custom Color.swift in Sources */ = {isa = PBXBuildFile; fileRef = 5DEA3F0B221C2F2A0045E13E /* Custom Color.swift */; };
		5DEA3F0E221C33C80045E13E /* States.swift in Sources */ = {isa = PBXBuildFile; fileRef = 5DEA3F0D221C33C80045E13E /* States.swift */; };
		5DEA75792162652C0063274E /* SearchViewController.swift in Sources */ = {isa = PBXBuildFile; fileRef = 5DEA75782162652C0063274E /* SearchViewController.swift */; };
		5DF15B45215BB41000484A77 /* SaleViewController.swift in Sources */ = {isa = PBXBuildFile; fileRef = 5DF15B44215BB41000484A77 /* SaleViewController.swift */; };
		5DF15B47215BB45C00484A77 /* saleTableViewCell.swift in Sources */ = {isa = PBXBuildFile; fileRef = 5DF15B46215BB45C00484A77 /* saleTableViewCell.swift */; };
		5DF7AE7721988D61004407F0 /* ActivityViewController.swift in Sources */ = {isa = PBXBuildFile; fileRef = 5DF7AE7621988D61004407F0 /* ActivityViewController.swift */; };
		5DF7AE792198A334004407F0 /* ActivityRentCell.swift in Sources */ = {isa = PBXBuildFile; fileRef = 5DF7AE782198A334004407F0 /* ActivityRentCell.swift */; };
		5DF7AE7B2198A34D004407F0 /* ActivityBuyCell.swift in Sources */ = {isa = PBXBuildFile; fileRef = 5DF7AE7A2198A34D004407F0 /* ActivityBuyCell.swift */; };
		5DF7AE7D2198B097004407F0 /* RentActivity.swift in Sources */ = {isa = PBXBuildFile; fileRef = 5DF7AE7C2198B097004407F0 /* RentActivity.swift */; };
		5DFB6EE6215CE5E400CE384E /* GameParser.swift in Sources */ = {isa = PBXBuildFile; fileRef = 5DFB6EE5215CE5E400CE384E /* GameParser.swift */; };
		5DFD8A7A216DDCC100BF6995 /* PostCell.swift in Sources */ = {isa = PBXBuildFile; fileRef = 5DFD8A79216DDCC100BF6995 /* PostCell.swift */; };
		620BF08822E9E8AE008BF90F /* ForgetPassword.swift in Sources */ = {isa = PBXBuildFile; fileRef = 620BF08722E9E8AE008BF90F /* ForgetPassword.swift */; };
		62268B65240DB0E7000FDDD9 /* VerificationViewController.swift in Sources */ = {isa = PBXBuildFile; fileRef = 62268B64240DB0E7000FDDD9 /* VerificationViewController.swift */; };
		622B47672354E034004AF62C /* Default-568h@2x.png in Resources */ = {isa = PBXBuildFile; fileRef = 622B47662354E034004AF62C /* Default-568h@2x.png */; };
		623B607723C5FA3A00051836 /* RentTypes.swift in Sources */ = {isa = PBXBuildFile; fileRef = 623B607623C5FA3A00051836 /* RentTypes.swift */; };
		623FBBEC22A6808700573A32 /* commentCell.swift in Sources */ = {isa = PBXBuildFile; fileRef = 623FBBEB22A6808700573A32 /* commentCell.swift */; };
		6247E48422C811BB00EDCFF9 /* IRAN_Sans_Bold.ttf in Resources */ = {isa = PBXBuildFile; fileRef = 6247E48322C80DDE00EDCFF9 /* IRAN_Sans_Bold.ttf */; };
		62497C762473C318001CAD1D /* ContentCell.swift in Sources */ = {isa = PBXBuildFile; fileRef = 62497C752473C318001CAD1D /* ContentCell.swift */; };
		62497C782473D7C6001CAD1D /* SaleCellCell.swift in Sources */ = {isa = PBXBuildFile; fileRef = 62497C772473D7C6001CAD1D /* SaleCellCell.swift */; };
		625A842D24715FBA00C4AF2D /* SliderCell.swift in Sources */ = {isa = PBXBuildFile; fileRef = 625A842C24715FBA00C4AF2D /* SliderCell.swift */; };
		625C500D23C8B332005C1B8C /* RentEpay.swift in Sources */ = {isa = PBXBuildFile; fileRef = 625C500C23C8B332005C1B8C /* RentEpay.swift */; };
		625FB35C23CC874500F69347 /* increaseAccountBalance.swift in Sources */ = {isa = PBXBuildFile; fileRef = 625FB35B23CC874500F69347 /* increaseAccountBalance.swift */; };
		6269576E23D2FA6800B800A6 /* IncreaseCredit.swift in Sources */ = {isa = PBXBuildFile; fileRef = 6269576D23D2FA6800B800A6 /* IncreaseCredit.swift */; };
		626C9A4E23E6D6AF0030E7BD /* SignupDetailesViewController.swift in Sources */ = {isa = PBXBuildFile; fileRef = 626C9A4D23E6D6AF0030E7BD /* SignupDetailesViewController.swift */; };
		626ED4A224165BC100F3A9FB /* penalty.swift in Sources */ = {isa = PBXBuildFile; fileRef = 626ED4A124165BC100F3A9FB /* penalty.swift */; };
		626ED4A424165F3900F3A9FB /* RentExtensionWithWallet.swift in Sources */ = {isa = PBXBuildFile; fileRef = 626ED4A324165F3900F3A9FB /* RentExtensionWithWallet.swift */; };
		626ED4A624166B8D00F3A9FB /* RentExtensionWithEpay.swift in Sources */ = {isa = PBXBuildFile; fileRef = 626ED4A524166B8D00F3A9FB /* RentExtensionWithEpay.swift */; };
		626ED4A824166D4F00F3A9FB /* Discount.swift in Sources */ = {isa = PBXBuildFile; fileRef = 626ED4A724166D4F00F3A9FB /* Discount.swift */; };
		62713BE424178C220033BD28 /* IntroductionCollectionViewController.swift in Sources */ = {isa = PBXBuildFile; fileRef = 62713BE324178C220033BD28 /* IntroductionCollectionViewController.swift */; };
		62713BE624178C800033BD28 /* IntroCell.swift in Sources */ = {isa = PBXBuildFile; fileRef = 62713BE524178C800033BD28 /* IntroCell.swift */; };
		62721DB12413AD6800B66AB0 /* Reckogning.swift in Sources */ = {isa = PBXBuildFile; fileRef = 62721DB02413AD6800B66AB0 /* Reckogning.swift */; };
		62721DB32413B14D00B66AB0 /* ReckogningViewController.swift in Sources */ = {isa = PBXBuildFile; fileRef = 62721DB22413B14D00B66AB0 /* ReckogningViewController.swift */; };
		627423B2240A69BC000B7232 /* GetVerificationCode.swift in Sources */ = {isa = PBXBuildFile; fileRef = 627423B1240A69BC000B7232 /* GetVerificationCode.swift */; };
		6286CD7023CC72B900B3FD1A /* SearchPostCell.swift in Sources */ = {isa = PBXBuildFile; fileRef = 6286CD6F23CC72B900B3FD1A /* SearchPostCell.swift */; };
		6288C3E222AA8407000DB3EC /* Reckoning View.swift in Sources */ = {isa = PBXBuildFile; fileRef = 6288C3E122AA8407000DB3EC /* Reckoning View.swift */; };
		629530C8247AD60000FA4B49 /* 1024.png in Resources */ = {isa = PBXBuildFile; fileRef = 629530C7247AD60000FA4B49 /* 1024.png */; };
		62AA831C23C8D782004E6F6C /* Address.swift in Sources */ = {isa = PBXBuildFile; fileRef = 62AA831B23C8D782004E6F6C /* Address.swift */; };
		62AA831E23C8E194004E6F6C /* RentGameEpay.swift in Sources */ = {isa = PBXBuildFile; fileRef = 62AA831D23C8E194004E6F6C /* RentGameEpay.swift */; };
		62AA832023C8F7C6004E6F6C /* ShopVC.swift in Sources */ = {isa = PBXBuildFile; fileRef = 62AA831F23C8F7C6004E6F6C /* ShopVC.swift */; };
		62AA832223C8FA6E004E6F6C /* ShopEpay.swift in Sources */ = {isa = PBXBuildFile; fileRef = 62AA832123C8FA6E004E6F6C /* ShopEpay.swift */; };
		62AA832423C8FAF9004E6F6C /* BottomListShop.swift in Sources */ = {isa = PBXBuildFile; fileRef = 62AA832323C8FAF9004E6F6C /* BottomListShop.swift */; };
		62AA832623C90762004E6F6C /* RentWallet.swift in Sources */ = {isa = PBXBuildFile; fileRef = 62AA832523C90762004E6F6C /* RentWallet.swift */; };
		62AA832823C907FF004E6F6C /* RentGameWallet.swift in Sources */ = {isa = PBXBuildFile; fileRef = 62AA832723C907FF004E6F6C /* RentGameWallet.swift */; };
		62AA832A23C909F7004E6F6C /* GameShopWithEpay.swift in Sources */ = {isa = PBXBuildFile; fileRef = 62AA832923C909F7004E6F6C /* GameShopWithEpay.swift */; };
		62B204AE22AE64DF0015998E /* WebViewController.swift in Sources */ = {isa = PBXBuildFile; fileRef = 62B204AD22AE64DF0015998E /* WebViewController.swift */; };
		62BBB1A623D9AA7400277865 /* RenewalViewController.swift in Sources */ = {isa = PBXBuildFile; fileRef = 62BBB1A523D9AA7400277865 /* RenewalViewController.swift */; };
		62D2FAF2247174AB003AB664 /* SaleCell.swift in Sources */ = {isa = PBXBuildFile; fileRef = 62D2FAF1247174AB003AB664 /* SaleCell.swift */; };
		62DBA0F8247AD313005E2197 /* Launch Screen.storyboard in Resources */ = {isa = PBXBuildFile; fileRef = 62DBA0F7247AD313005E2197 /* Launch Screen.storyboard */; };
		62DE9C2323D087BA0033C981 /* ShopGameWithWallet.swift in Sources */ = {isa = PBXBuildFile; fileRef = 62DE9C2223D087BA0033C981 /* ShopGameWithWallet.swift */; };
		62DE9C2523D089120033C981 /* ShopWallet.swift in Sources */ = {isa = PBXBuildFile; fileRef = 62DE9C2423D089120033C981 /* ShopWallet.swift */; };
		62E57CEC23CB3BBC00316384 /* SearchShopCell.swift in Sources */ = {isa = PBXBuildFile; fileRef = 62E57CEB23CB3BBC00316384 /* SearchShopCell.swift */; };
		62E5A11A2475236400858821 /* ContentCellCell.swift in Sources */ = {isa = PBXBuildFile; fileRef = 62E5A1192475236400858821 /* ContentCellCell.swift */; };
		62FB2FD0240FC930004B8B53 /* ResetPassword.swift in Sources */ = {isa = PBXBuildFile; fileRef = 62FB2FCF240FC930004B8B53 /* ResetPassword.swift */; };
		62FB2FD2240FCED3004B8B53 /* NewPasswordViewController.swift in Sources */ = {isa = PBXBuildFile; fileRef = 62FB2FD1240FCED3004B8B53 /* NewPasswordViewController.swift */; };
/* End PBXBuildFile section */

/* Begin PBXFileReference section */
		4157212D249F67B800C2FFF2 /* motorcycle.svg */ = {isa = PBXFileReference; fileEncoding = 4; lastKnownFileType = text.xml; name = motorcycle.svg; path = ../../../../Downloads/intro/motorcycle.svg; sourceTree = "<group>"; };
		4157212E249F67B800C2FFF2 /* save_money.svg */ = {isa = PBXFileReference; fileEncoding = 4; lastKnownFileType = text; name = save_money.svg; path = ../../../../Downloads/intro/save_money.svg; sourceTree = "<group>"; };
		41572131249F67C100C2FFF2 /* motorcycle.svg */ = {isa = PBXFileReference; lastKnownFileType = text.xml; path = motorcycle.svg; sourceTree = "<group>"; };
		41572132249F67C100C2FFF2 /* save_money.svg */ = {isa = PBXFileReference; lastKnownFileType = text; path = save_money.svg; sourceTree = "<group>"; };
		41572133249F695300C2FFF2 /* introthree.html */ = {isa = PBXFileReference; fileEncoding = 4; lastKnownFileType = text.html; name = introthree.html; path = ../../../Downloads/intro/introthree.html; sourceTree = "<group>"; };
		41572134249F695300C2FFF2 /* introtwo.html */ = {isa = PBXFileReference; fileEncoding = 4; lastKnownFileType = text.html; name = introtwo.html; path = ../../../Downloads/intro/introtwo.html; sourceTree = "<group>"; };
		41F96130249DE57A00F83170 /* GetSingleGame.swift */ = {isa = PBXFileReference; lastKnownFileType = sourcecode.swift; path = GetSingleGame.swift; sourceTree = "<group>"; };
		4614F16E8F3A3DC441290FDE /* Pods-easyBazi.release.xcconfig */ = {isa = PBXFileReference; includeInIndex = 1; lastKnownFileType = text.xcconfig; name = "Pods-easyBazi.release.xcconfig"; path = "Target Support Files/Pods-easyBazi/Pods-easyBazi.release.xcconfig"; sourceTree = "<group>"; };
		5D010122219460CB00DEB2F4 /* MessageSeen.swift */ = {isa = PBXFileReference; lastKnownFileType = sourcecode.swift; path = MessageSeen.swift; sourceTree = "<group>"; };
		5D0101242194630C00DEB2F4 /* NewMessage.swift */ = {isa = PBXFileReference; lastKnownFileType = sourcecode.swift; path = NewMessage.swift; sourceTree = "<group>"; };
		5D07C8F721B40812005F4D33 /* RentVC.swift */ = {isa = PBXFileReference; lastKnownFileType = sourcecode.swift; path = RentVC.swift; sourceTree = "<group>"; };
		5D137CEB2257D36000FD7A11 /* SearchRentCell.swift */ = {isa = PBXFileReference; lastKnownFileType = sourcecode.swift; path = SearchRentCell.swift; sourceTree = "<group>"; };
		5D17F7F6218AFCFF00DECDB8 /* SendMessage.swift */ = {isa = PBXFileReference; lastKnownFileType = sourcecode.swift; path = SendMessage.swift; sourceTree = "<group>"; };
		5D180CCC21A8373500DE444A /* UserFinance.swift */ = {isa = PBXFileReference; lastKnownFileType = sourcecode.swift; path = UserFinance.swift; sourceTree = "<group>"; };
		5D1B6A62219CA88F00155BDC /* SanFranciscoDisplay-Medium.otf */ = {isa = PBXFileReference; lastKnownFileType = file; path = "SanFranciscoDisplay-Medium.otf"; sourceTree = "<group>"; };
		5D1BDD04215B8D96006741CF /* RentViewController.swift */ = {isa = PBXFileReference; lastKnownFileType = sourcecode.swift; path = RentViewController.swift; sourceTree = "<group>"; };
		5D1BDD07215B8E01006741CF /* RentTableViewCell.swift */ = {isa = PBXFileReference; lastKnownFileType = sourcecode.swift; path = RentTableViewCell.swift; sourceTree = "<group>"; };
		5D22F874217F1E4000765CE4 /* LogOut.swift */ = {isa = PBXFileReference; lastKnownFileType = sourcecode.swift; path = LogOut.swift; sourceTree = "<group>"; };
		5D2A81782171F1B3006D2D24 /* GameDetailsCell.swift */ = {isa = PBXFileReference; lastKnownFileType = sourcecode.swift; path = GameDetailsCell.swift; sourceTree = "<group>"; };
		5D2A817A21721733006D2D24 /* GetDataForPostCV.swift */ = {isa = PBXFileReference; lastKnownFileType = sourcecode.swift; path = GetDataForPostCV.swift; sourceTree = "<group>"; };
		5D2A817C21724546006D2D24 /* GetDataForSlider.swift */ = {isa = PBXFileReference; lastKnownFileType = sourcecode.swift; path = GetDataForSlider.swift; sourceTree = "<group>"; };
		5D348A64216F481A004CD001 /* GetDataForRentVC.swift */ = {isa = PBXFileReference; lastKnownFileType = sourcecode.swift; path = GetDataForRentVC.swift; sourceTree = "<group>"; };
		5D348A66216F4BCC004CD001 /* GetDataForSaleVC.swift */ = {isa = PBXFileReference; lastKnownFileType = sourcecode.swift; path = GetDataForSaleVC.swift; sourceTree = "<group>"; };
		5D348A68216F4C0D004CD001 /* GetDataForSaleCV.swift */ = {isa = PBXFileReference; lastKnownFileType = sourcecode.swift; path = GetDataForSaleCV.swift; sourceTree = "<group>"; };
		5D348A6A216F4C1B004CD001 /* GetDataForRentCV.swift */ = {isa = PBXFileReference; lastKnownFileType = sourcecode.swift; path = GetDataForRentCV.swift; sourceTree = "<group>"; };
		5D366305217719190097FC6A /* SignUp.swift */ = {isa = PBXFileReference; lastKnownFileType = sourcecode.swift; path = SignUp.swift; sourceTree = "<group>"; };
		5D3AED5D21A198FC007A1040 /* ReachabilityManager.swift */ = {isa = PBXFileReference; lastKnownFileType = sourcecode.swift; path = ReachabilityManager.swift; sourceTree = "<group>"; };
		5D3AED6321A1AF4F007A1040 /* FSPagerView.framework */ = {isa = PBXFileReference; explicitFileType = wrapper.framework; path = FSPagerView.framework; sourceTree = BUILT_PRODUCTS_DIR; };
		5D3AED6421A1AF4F007A1040 /* ReachabilitySwift.framework */ = {isa = PBXFileReference; explicitFileType = wrapper.framework; path = ReachabilitySwift.framework; sourceTree = BUILT_PRODUCTS_DIR; };
		5D3AED6521A1AF4F007A1040 /* SDWebImage.framework */ = {isa = PBXFileReference; explicitFileType = wrapper.framework; path = SDWebImage.framework; sourceTree = BUILT_PRODUCTS_DIR; };
		5D3AED6621A1AF4F007A1040 /* SVProgressHUD.framework */ = {isa = PBXFileReference; explicitFileType = wrapper.framework; path = SVProgressHUD.framework; sourceTree = BUILT_PRODUCTS_DIR; };
		5D40550D218891DF006ADE71 /* MessageCell.swift */ = {isa = PBXFileReference; lastKnownFileType = sourcecode.swift; path = MessageCell.swift; sourceTree = "<group>"; };
		5D40550F2188920F006ADE71 /* SupportVC.swift */ = {isa = PBXFileReference; lastKnownFileType = sourcecode.swift; path = SupportVC.swift; sourceTree = "<group>"; };
		5D4721C021A9B3F9005F9D6A /* Formatter.swift */ = {isa = PBXFileReference; lastKnownFileType = sourcecode.swift; path = Formatter.swift; sourceTree = "<group>"; };
		5D4ECE332168BCED001A7DE6 /* SearchFooter.swift */ = {isa = PBXFileReference; lastKnownFileType = sourcecode.swift; path = SearchFooter.swift; sourceTree = "<group>"; };
		5D4ECE362168CBFA001A7DE6 /* SearchCell.swift */ = {isa = PBXFileReference; lastKnownFileType = sourcecode.swift; path = SearchCell.swift; sourceTree = "<group>"; };
		5D4ECE382168D1BF001A7DE6 /* Search.swift */ = {isa = PBXFileReference; lastKnownFileType = sourcecode.swift; path = Search.swift; sourceTree = "<group>"; };
		5D518BC1224930E80035CF5E /* ActivityRentCV.swift */ = {isa = PBXFileReference; lastKnownFileType = sourcecode.swift; path = ActivityRentCV.swift; sourceTree = "<group>"; };
		5D6689CB2199B87200FA752E /* BuyActivity.swift */ = {isa = PBXFileReference; lastKnownFileType = sourcecode.swift; path = BuyActivity.swift; sourceTree = "<group>"; };
		5D70CB7821513A2C001D4C12 /* RentCollectionViewCell.swift */ = {isa = PBXFileReference; lastKnownFileType = sourcecode.swift; path = RentCollectionViewCell.swift; sourceTree = "<group>"; };
		5D70CB7A21513E22001D4C12 /* NewsCollectionViewCell.swift */ = {isa = PBXFileReference; lastKnownFileType = sourcecode.swift; path = NewsCollectionViewCell.swift; sourceTree = "<group>"; };
		5D70CB7F215142A9001D4C12 /* IRAN_Sans.ttf */ = {isa = PBXFileReference; lastKnownFileType = file; path = IRAN_Sans.ttf; sourceTree = "<group>"; };
		5D782E14217B1653007D01D8 /* DataModel.xcdatamodel */ = {isa = PBXFileReference; lastKnownFileType = wrapper.xcdatamodel; path = DataModel.xcdatamodel; sourceTree = "<group>"; };
		5D782E3D217B61D5007D01D8 /* SignIn.swift */ = {isa = PBXFileReference; lastKnownFileType = sourcecode.swift; path = SignIn.swift; sourceTree = "<group>"; };
		5D790D75217B7C1100A0FBD1 /* CommentsVC.swift */ = {isa = PBXFileReference; lastKnownFileType = sourcecode.swift; path = CommentsVC.swift; sourceTree = "<group>"; };
		5D790D79217B7EE700A0FBD1 /* GetDataForComments.swift */ = {isa = PBXFileReference; lastKnownFileType = sourcecode.swift; path = GetDataForComments.swift; sourceTree = "<group>"; };
		5D8483B72166416F00F52705 /* GetDataForRelated.swift */ = {isa = PBXFileReference; lastKnownFileType = sourcecode.swift; path = GetDataForRelated.swift; sourceTree = "<group>"; };
		5D8DBF78222E7AC8006D1CF3 /* CityCell.swift */ = {isa = PBXFileReference; lastKnownFileType = sourcecode.swift; path = CityCell.swift; sourceTree = "<group>"; };
		5D90D998216F680900209A9B /* GameDetails.swift */ = {isa = PBXFileReference; lastKnownFileType = sourcecode.swift; path = GameDetails.swift; sourceTree = "<group>"; };
		5D942AB22177256900EA96DC /* ProfileController.swift */ = {isa = PBXFileReference; lastKnownFileType = sourcecode.swift; path = ProfileController.swift; sourceTree = "<group>"; };
		5DA3E6EE224BA93A00D4BC7F /* ActivityBuyCV.swift */ = {isa = PBXFileReference; lastKnownFileType = sourcecode.swift; path = ActivityBuyCV.swift; sourceTree = "<group>"; };
		5DA3E6F0224BD3FB00D4BC7F /* circleWithProgress.swift */ = {isa = PBXFileReference; lastKnownFileType = sourcecode.swift; path = circleWithProgress.swift; sourceTree = "<group>"; };
		5DA83E2C222FDD3300692F63 /* Comment View.swift */ = {isa = PBXFileReference; lastKnownFileType = sourcecode.swift; path = "Comment View.swift"; sourceTree = "<group>"; };
		5DBBFBDF214A99580037BFF6 /* EasyBazi.app */ = {isa = PBXFileReference; explicitFileType = wrapper.application; includeInIndex = 0; path = EasyBazi.app; sourceTree = BUILT_PRODUCTS_DIR; };
		5DBBFBE2214A99580037BFF6 /* AppDelegate.swift */ = {isa = PBXFileReference; lastKnownFileType = sourcecode.swift; path = AppDelegate.swift; sourceTree = "<group>"; };
		5DBBFBE4214A99580037BFF6 /* HomeViewController.swift */ = {isa = PBXFileReference; lastKnownFileType = sourcecode.swift; path = HomeViewController.swift; sourceTree = "<group>"; };
		5DBBFBE7214A99580037BFF6 /* Base */ = {isa = PBXFileReference; lastKnownFileType = file.storyboard; name = Base; path = Base.lproj/Main.storyboard; sourceTree = "<group>"; };
		5DBBFBE9214A99580037BFF6 /* Assets.xcassets */ = {isa = PBXFileReference; lastKnownFileType = folder.assetcatalog; path = Assets.xcassets; sourceTree = "<group>"; };
		5DBBFBEE214A99580037BFF6 /* Info.plist */ = {isa = PBXFileReference; lastKnownFileType = text.plist.xml; path = Info.plist; sourceTree = "<group>"; };
		5DBE570022494C7700BFE4A5 /* ActivityMenu.swift */ = {isa = PBXFileReference; lastKnownFileType = sourcecode.swift; path = ActivityMenu.swift; sourceTree = "<group>"; };
		5DC190F62151279200B08D9E /* SaleCollectionViewCell.swift */ = {isa = PBXFileReference; lastKnownFileType = sourcecode.swift; path = SaleCollectionViewCell.swift; sourceTree = "<group>"; };
		5DE4A87A217DDCDB00F03635 /* Comment.swift */ = {isa = PBXFileReference; lastKnownFileType = sourcecode.swift; path = Comment.swift; sourceTree = "<group>"; };
		5DEA3F06221C25EE0045E13E /* BottomList.swift */ = {isa = PBXFileReference; lastKnownFileType = sourcecode.swift; path = BottomList.swift; sourceTree = "<group>"; };
		5DEA3F08221C263B0045E13E /* StateCell.swift */ = {isa = PBXFileReference; lastKnownFileType = sourcecode.swift; path = StateCell.swift; sourceTree = "<group>"; };
		5DEA3F0B221C2F2A0045E13E /* Custom Color.swift */ = {isa = PBXFileReference; lastKnownFileType = sourcecode.swift; path = "Custom Color.swift"; sourceTree = "<group>"; };
		5DEA3F0D221C33C80045E13E /* States.swift */ = {isa = PBXFileReference; lastKnownFileType = sourcecode.swift; path = States.swift; sourceTree = "<group>"; };
		5DEA75782162652C0063274E /* SearchViewController.swift */ = {isa = PBXFileReference; lastKnownFileType = sourcecode.swift; path = SearchViewController.swift; sourceTree = "<group>"; };
		5DF15B44215BB41000484A77 /* SaleViewController.swift */ = {isa = PBXFileReference; lastKnownFileType = sourcecode.swift; path = SaleViewController.swift; sourceTree = "<group>"; };
		5DF15B46215BB45C00484A77 /* saleTableViewCell.swift */ = {isa = PBXFileReference; lastKnownFileType = sourcecode.swift; path = saleTableViewCell.swift; sourceTree = "<group>"; };
		5DF7AE7621988D61004407F0 /* ActivityViewController.swift */ = {isa = PBXFileReference; lastKnownFileType = sourcecode.swift; path = ActivityViewController.swift; sourceTree = "<group>"; };
		5DF7AE782198A334004407F0 /* ActivityRentCell.swift */ = {isa = PBXFileReference; lastKnownFileType = sourcecode.swift; path = ActivityRentCell.swift; sourceTree = "<group>"; };
		5DF7AE7A2198A34D004407F0 /* ActivityBuyCell.swift */ = {isa = PBXFileReference; lastKnownFileType = sourcecode.swift; path = ActivityBuyCell.swift; sourceTree = "<group>"; };
		5DF7AE7C2198B097004407F0 /* RentActivity.swift */ = {isa = PBXFileReference; lastKnownFileType = sourcecode.swift; path = RentActivity.swift; sourceTree = "<group>"; };
		5DFB6EE5215CE5E400CE384E /* GameParser.swift */ = {isa = PBXFileReference; lastKnownFileType = sourcecode.swift; path = GameParser.swift; sourceTree = "<group>"; };
		5DFD8A79216DDCC100BF6995 /* PostCell.swift */ = {isa = PBXFileReference; lastKnownFileType = sourcecode.swift; path = PostCell.swift; sourceTree = "<group>"; };
		620BF08722E9E8AE008BF90F /* ForgetPassword.swift */ = {isa = PBXFileReference; lastKnownFileType = sourcecode.swift; path = ForgetPassword.swift; sourceTree = "<group>"; };
		62268B64240DB0E7000FDDD9 /* VerificationViewController.swift */ = {isa = PBXFileReference; lastKnownFileType = sourcecode.swift; path = VerificationViewController.swift; sourceTree = "<group>"; };
		622B47662354E034004AF62C /* Default-568h@2x.png */ = {isa = PBXFileReference; lastKnownFileType = image.png; path = "Default-568h@2x.png"; sourceTree = "<group>"; };
		623B607623C5FA3A00051836 /* RentTypes.swift */ = {isa = PBXFileReference; lastKnownFileType = sourcecode.swift; path = RentTypes.swift; sourceTree = "<group>"; };
		623FBBEB22A6808700573A32 /* commentCell.swift */ = {isa = PBXFileReference; lastKnownFileType = sourcecode.swift; path = commentCell.swift; sourceTree = "<group>"; };
		6247E48322C80DDE00EDCFF9 /* IRAN_Sans_Bold.ttf */ = {isa = PBXFileReference; lastKnownFileType = file; path = IRAN_Sans_Bold.ttf; sourceTree = "<group>"; };
		62497C752473C318001CAD1D /* ContentCell.swift */ = {isa = PBXFileReference; lastKnownFileType = sourcecode.swift; path = ContentCell.swift; sourceTree = "<group>"; };
		62497C772473D7C6001CAD1D /* SaleCellCell.swift */ = {isa = PBXFileReference; lastKnownFileType = sourcecode.swift; path = SaleCellCell.swift; sourceTree = "<group>"; };
		625A842C24715FBA00C4AF2D /* SliderCell.swift */ = {isa = PBXFileReference; lastKnownFileType = sourcecode.swift; path = SliderCell.swift; sourceTree = "<group>"; };
		625C500C23C8B332005C1B8C /* RentEpay.swift */ = {isa = PBXFileReference; lastKnownFileType = sourcecode.swift; path = RentEpay.swift; sourceTree = "<group>"; };
		625FB35B23CC874500F69347 /* increaseAccountBalance.swift */ = {isa = PBXFileReference; lastKnownFileType = sourcecode.swift; path = increaseAccountBalance.swift; sourceTree = "<group>"; };
		6269576D23D2FA6800B800A6 /* IncreaseCredit.swift */ = {isa = PBXFileReference; lastKnownFileType = sourcecode.swift; path = IncreaseCredit.swift; sourceTree = "<group>"; };
		626C9A4D23E6D6AF0030E7BD /* SignupDetailesViewController.swift */ = {isa = PBXFileReference; lastKnownFileType = sourcecode.swift; path = SignupDetailesViewController.swift; sourceTree = "<group>"; };
		626ED4A124165BC100F3A9FB /* penalty.swift */ = {isa = PBXFileReference; lastKnownFileType = sourcecode.swift; path = penalty.swift; sourceTree = "<group>"; };
		626ED4A324165F3900F3A9FB /* RentExtensionWithWallet.swift */ = {isa = PBXFileReference; lastKnownFileType = sourcecode.swift; path = RentExtensionWithWallet.swift; sourceTree = "<group>"; };
		626ED4A524166B8D00F3A9FB /* RentExtensionWithEpay.swift */ = {isa = PBXFileReference; lastKnownFileType = sourcecode.swift; path = RentExtensionWithEpay.swift; sourceTree = "<group>"; };
		626ED4A724166D4F00F3A9FB /* Discount.swift */ = {isa = PBXFileReference; lastKnownFileType = sourcecode.swift; path = Discount.swift; sourceTree = "<group>"; };
		62713BE324178C220033BD28 /* IntroductionCollectionViewController.swift */ = {isa = PBXFileReference; lastKnownFileType = sourcecode.swift; path = IntroductionCollectionViewController.swift; sourceTree = "<group>"; };
		62713BE524178C800033BD28 /* IntroCell.swift */ = {isa = PBXFileReference; lastKnownFileType = sourcecode.swift; path = IntroCell.swift; sourceTree = "<group>"; };
		62721DB02413AD6800B66AB0 /* Reckogning.swift */ = {isa = PBXFileReference; lastKnownFileType = sourcecode.swift; path = Reckogning.swift; sourceTree = "<group>"; };
		62721DB22413B14D00B66AB0 /* ReckogningViewController.swift */ = {isa = PBXFileReference; lastKnownFileType = sourcecode.swift; path = ReckogningViewController.swift; sourceTree = "<group>"; };
		627423B1240A69BC000B7232 /* GetVerificationCode.swift */ = {isa = PBXFileReference; lastKnownFileType = sourcecode.swift; path = GetVerificationCode.swift; sourceTree = "<group>"; };
		6286CD6F23CC72B900B3FD1A /* SearchPostCell.swift */ = {isa = PBXFileReference; lastKnownFileType = sourcecode.swift; path = SearchPostCell.swift; sourceTree = "<group>"; };
		62872523240E5BE200BC2D0D /* libKWVerificationCodeView.a */ = {isa = PBXFileReference; explicitFileType = archive.ar; path = libKWVerificationCodeView.a; sourceTree = BUILT_PRODUCTS_DIR; };
		6288C3E122AA8407000DB3EC /* Reckoning View.swift */ = {isa = PBXFileReference; lastKnownFileType = sourcecode.swift; path = "Reckoning View.swift"; sourceTree = "<group>"; };
		629530C7247AD60000FA4B49 /* 1024.png */ = {isa = PBXFileReference; lastKnownFileType = image.png; path = 1024.png; sourceTree = "<group>"; };
		62AA831B23C8D782004E6F6C /* Address.swift */ = {isa = PBXFileReference; lastKnownFileType = sourcecode.swift; path = Address.swift; sourceTree = "<group>"; };
		62AA831D23C8E194004E6F6C /* RentGameEpay.swift */ = {isa = PBXFileReference; lastKnownFileType = sourcecode.swift; path = RentGameEpay.swift; sourceTree = "<group>"; };
		62AA831F23C8F7C6004E6F6C /* ShopVC.swift */ = {isa = PBXFileReference; lastKnownFileType = sourcecode.swift; path = ShopVC.swift; sourceTree = "<group>"; };
		62AA832123C8FA6E004E6F6C /* ShopEpay.swift */ = {isa = PBXFileReference; lastKnownFileType = sourcecode.swift; path = ShopEpay.swift; sourceTree = "<group>"; };
		62AA832323C8FAF9004E6F6C /* BottomListShop.swift */ = {isa = PBXFileReference; lastKnownFileType = sourcecode.swift; path = BottomListShop.swift; sourceTree = "<group>"; };
		62AA832523C90762004E6F6C /* RentWallet.swift */ = {isa = PBXFileReference; lastKnownFileType = sourcecode.swift; path = RentWallet.swift; sourceTree = "<group>"; };
		62AA832723C907FF004E6F6C /* RentGameWallet.swift */ = {isa = PBXFileReference; lastKnownFileType = sourcecode.swift; path = RentGameWallet.swift; sourceTree = "<group>"; };
		62AA832923C909F7004E6F6C /* GameShopWithEpay.swift */ = {isa = PBXFileReference; lastKnownFileType = sourcecode.swift; path = GameShopWithEpay.swift; sourceTree = "<group>"; };
		62B204AD22AE64DF0015998E /* WebViewController.swift */ = {isa = PBXFileReference; lastKnownFileType = sourcecode.swift; path = WebViewController.swift; sourceTree = "<group>"; };
		62BBB1A523D9AA7400277865 /* RenewalViewController.swift */ = {isa = PBXFileReference; lastKnownFileType = sourcecode.swift; path = RenewalViewController.swift; sourceTree = "<group>"; };
		62D2FAF1247174AB003AB664 /* SaleCell.swift */ = {isa = PBXFileReference; lastKnownFileType = sourcecode.swift; path = SaleCell.swift; sourceTree = "<group>"; };
		62DBA0F7247AD313005E2197 /* Launch Screen.storyboard */ = {isa = PBXFileReference; lastKnownFileType = file.storyboard; path = "Launch Screen.storyboard"; sourceTree = "<group>"; };
		62DE9C2223D087BA0033C981 /* ShopGameWithWallet.swift */ = {isa = PBXFileReference; lastKnownFileType = sourcecode.swift; path = ShopGameWithWallet.swift; sourceTree = "<group>"; };
		62DE9C2423D089120033C981 /* ShopWallet.swift */ = {isa = PBXFileReference; lastKnownFileType = sourcecode.swift; path = ShopWallet.swift; sourceTree = "<group>"; };
		62E57CEB23CB3BBC00316384 /* SearchShopCell.swift */ = {isa = PBXFileReference; lastKnownFileType = sourcecode.swift; path = SearchShopCell.swift; sourceTree = "<group>"; };
		62E5A1192475236400858821 /* ContentCellCell.swift */ = {isa = PBXFileReference; lastKnownFileType = sourcecode.swift; path = ContentCellCell.swift; sourceTree = "<group>"; };
		62FB2FCF240FC930004B8B53 /* ResetPassword.swift */ = {isa = PBXFileReference; lastKnownFileType = sourcecode.swift; path = ResetPassword.swift; sourceTree = "<group>"; };
		62FB2FD1240FCED3004B8B53 /* NewPasswordViewController.swift */ = {isa = PBXFileReference; lastKnownFileType = sourcecode.swift; path = NewPasswordViewController.swift; sourceTree = "<group>"; };
		7785E10EFCED79D8C03AAFA4 /* Pods-EasyBazi.release.xcconfig */ = {isa = PBXFileReference; includeInIndex = 1; lastKnownFileType = text.xcconfig; name = "Pods-EasyBazi.release.xcconfig"; path = "Target Support Files/Pods-EasyBazi/Pods-EasyBazi.release.xcconfig"; sourceTree = "<group>"; };
		9AA131086A42EF2BE5872571 /* libPods-EasyBazi.a */ = {isa = PBXFileReference; explicitFileType = archive.ar; includeInIndex = 0; path = "libPods-EasyBazi.a"; sourceTree = BUILT_PRODUCTS_DIR; };
		A25970772B6DD77E08463A6C /* Pods-EasyBazi.debug.xcconfig */ = {isa = PBXFileReference; includeInIndex = 1; lastKnownFileType = text.xcconfig; name = "Pods-EasyBazi.debug.xcconfig"; path = "Target Support Files/Pods-EasyBazi/Pods-EasyBazi.debug.xcconfig"; sourceTree = "<group>"; };
		E3F2B35502215D400C57F900 /* Pods-easyBazi.debug.xcconfig */ = {isa = PBXFileReference; includeInIndex = 1; lastKnownFileType = text.xcconfig; name = "Pods-easyBazi.debug.xcconfig"; path = "Target Support Files/Pods-easyBazi/Pods-easyBazi.debug.xcconfig"; sourceTree = "<group>"; };
/* End PBXFileReference section */

/* Begin PBXFrameworksBuildPhase section */
		5DBBFBDC214A99580037BFF6 /* Frameworks */ = {
			isa = PBXFrameworksBuildPhase;
			buildActionMask = 2147483647;
			files = (
				30A92673918E6FE2F84E150F /* libPods-EasyBazi.a in Frameworks */,
			);
			runOnlyForDeploymentPostprocessing = 0;
		};
/* End PBXFrameworksBuildPhase section */

/* Begin PBXGroup section */
		24998A2F0E63CEAB788C7C61 /* Frameworks */ = {
			isa = PBXGroup;
			children = (
				62872523240E5BE200BC2D0D /* libKWVerificationCodeView.a */,
				5D3AED6321A1AF4F007A1040 /* FSPagerView.framework */,
				5D3AED6421A1AF4F007A1040 /* ReachabilitySwift.framework */,
				5D3AED6521A1AF4F007A1040 /* SDWebImage.framework */,
				5D3AED6621A1AF4F007A1040 /* SVProgressHUD.framework */,
				9AA131086A42EF2BE5872571 /* libPods-EasyBazi.a */,
			);
			name = Frameworks;
			sourceTree = "<group>";
		};
		2AF08B4E0FEB86049958BD11 /* Pods */ = {
			isa = PBXGroup;
			children = (
				E3F2B35502215D400C57F900 /* Pods-easyBazi.debug.xcconfig */,
				4614F16E8F3A3DC441290FDE /* Pods-easyBazi.release.xcconfig */,
				A25970772B6DD77E08463A6C /* Pods-EasyBazi.debug.xcconfig */,
				7785E10EFCED79D8C03AAFA4 /* Pods-EasyBazi.release.xcconfig */,
			);
			path = Pods;
			sourceTree = "<group>";
		};
		5D12D371214E5A4400804F12 /* Model */ = {
			isa = PBXGroup;
			children = (
				5DFB6EE5215CE5E400CE384E /* GameParser.swift */,
				5D4ECE382168D1BF001A7DE6 /* Search.swift */,
				5D348A64216F481A004CD001 /* GetDataForRentVC.swift */,
				5D348A66216F4BCC004CD001 /* GetDataForSaleVC.swift */,
				5D348A68216F4C0D004CD001 /* GetDataForSaleCV.swift */,
				5D348A6A216F4C1B004CD001 /* GetDataForRentCV.swift */,
				5D8483B72166416F00F52705 /* GetDataForRelated.swift */,
				5D2A817A21721733006D2D24 /* GetDataForPostCV.swift */,
				5D2A817C21724546006D2D24 /* GetDataForSlider.swift */,
				5D366305217719190097FC6A /* SignUp.swift */,
				5D782E3D217B61D5007D01D8 /* SignIn.swift */,
				5D790D79217B7EE700A0FBD1 /* GetDataForComments.swift */,
				5DE4A87A217DDCDB00F03635 /* Comment.swift */,
				5D22F874217F1E4000765CE4 /* LogOut.swift */,
				5D17F7F6218AFCFF00DECDB8 /* SendMessage.swift */,
				5D010122219460CB00DEB2F4 /* MessageSeen.swift */,
				5D0101242194630C00DEB2F4 /* NewMessage.swift */,
				5DF7AE7C2198B097004407F0 /* RentActivity.swift */,
				5D6689CB2199B87200FA752E /* BuyActivity.swift */,
				5D3AED5D21A198FC007A1040 /* ReachabilityManager.swift */,
				5D180CCC21A8373500DE444A /* UserFinance.swift */,
				5D4721C021A9B3F9005F9D6A /* Formatter.swift */,
				5DEA3F0D221C33C80045E13E /* States.swift */,
				623B607623C5FA3A00051836 /* RentTypes.swift */,
				62AA831B23C8D782004E6F6C /* Address.swift */,
				62AA831D23C8E194004E6F6C /* RentGameEpay.swift */,
				62AA832723C907FF004E6F6C /* RentGameWallet.swift */,
				62AA832923C909F7004E6F6C /* GameShopWithEpay.swift */,
				62DE9C2223D087BA0033C981 /* ShopGameWithWallet.swift */,
				6269576D23D2FA6800B800A6 /* IncreaseCredit.swift */,
				627423B1240A69BC000B7232 /* GetVerificationCode.swift */,
				62FB2FCF240FC930004B8B53 /* ResetPassword.swift */,
				62721DB02413AD6800B66AB0 /* Reckogning.swift */,
				626ED4A124165BC100F3A9FB /* penalty.swift */,
				626ED4A724166D4F00F3A9FB /* Discount.swift */,
				41F96130249DE57A00F83170 /* GetSingleGame.swift */,
			);
			path = Model;
			sourceTree = "<group>";
		};
		5D12D372214E5A5200804F12 /* View */ = {
			isa = PBXGroup;
			children = (
				4157212D249F67B800C2FFF2 /* motorcycle.svg */,
				4157212E249F67B800C2FFF2 /* save_money.svg */,
				5DA3E6F0224BD3FB00D4BC7F /* circleWithProgress.swift */,
				5DBBFBE6214A99580037BFF6 /* Main.storyboard */,
				6288C3E122AA8407000DB3EC /* Reckoning View.swift */,
				62DBA0F7247AD313005E2197 /* Launch Screen.storyboard */,
				5D4ECE352168CBBB001A7DE6 /* Cells */,
				5D4ECE332168BCED001A7DE6 /* SearchFooter.swift */,
				5DEA3F06221C25EE0045E13E /* BottomList.swift */,
				5DA83E2C222FDD3300692F63 /* Comment View.swift */,
				5DBE570022494C7700BFE4A5 /* ActivityMenu.swift */,
				620BF08722E9E8AE008BF90F /* ForgetPassword.swift */,
				625C500C23C8B332005C1B8C /* RentEpay.swift */,
				62AA832123C8FA6E004E6F6C /* ShopEpay.swift */,
				62AA832323C8FAF9004E6F6C /* BottomListShop.swift */,
				62AA832523C90762004E6F6C /* RentWallet.swift */,
				625FB35B23CC874500F69347 /* increaseAccountBalance.swift */,
				62DE9C2423D089120033C981 /* ShopWallet.swift */,
				626ED4A324165F3900F3A9FB /* RentExtensionWithWallet.swift */,
				626ED4A524166B8D00F3A9FB /* RentExtensionWithEpay.swift */,
			);
			path = View;
			sourceTree = "<group>";
		};
		5D12D373214E5A5A00804F12 /* Controller */ = {
			isa = PBXGroup;
			children = (
				5DBBFBE4214A99580037BFF6 /* HomeViewController.swift */,
				5D1BDD04215B8D96006741CF /* RentViewController.swift */,
				5DF15B44215BB41000484A77 /* SaleViewController.swift */,
				5DEA75782162652C0063274E /* SearchViewController.swift */,
				5D90D998216F680900209A9B /* GameDetails.swift */,
				5D942AB22177256900EA96DC /* ProfileController.swift */,
				5D790D75217B7C1100A0FBD1 /* CommentsVC.swift */,
				5D40550F2188920F006ADE71 /* SupportVC.swift */,
				5DF7AE7621988D61004407F0 /* ActivityViewController.swift */,
				5D07C8F721B40812005F4D33 /* RentVC.swift */,
				62B204AD22AE64DF0015998E /* WebViewController.swift */,
				62AA831F23C8F7C6004E6F6C /* ShopVC.swift */,
				62BBB1A523D9AA7400277865 /* RenewalViewController.swift */,
				626C9A4D23E6D6AF0030E7BD /* SignupDetailesViewController.swift */,
				62268B64240DB0E7000FDDD9 /* VerificationViewController.swift */,
				62FB2FD1240FCED3004B8B53 /* NewPasswordViewController.swift */,
				62721DB22413B14D00B66AB0 /* ReckogningViewController.swift */,
				62713BE324178C220033BD28 /* IntroductionCollectionViewController.swift */,
			);
			path = Controller;
			sourceTree = "<group>";
		};
		5D4ECE352168CBBB001A7DE6 /* Cells */ = {
			isa = PBXGroup;
			children = (
				62713BE524178C800033BD28 /* IntroCell.swift */,
				5D70CB7821513A2C001D4C12 /* RentCollectionViewCell.swift */,
				5DC190F62151279200B08D9E /* SaleCollectionViewCell.swift */,
				5D70CB7A21513E22001D4C12 /* NewsCollectionViewCell.swift */,
				5D1BDD07215B8E01006741CF /* RentTableViewCell.swift */,
				5DF15B46215BB45C00484A77 /* saleTableViewCell.swift */,
				5D4ECE362168CBFA001A7DE6 /* SearchCell.swift */,
				5DFD8A79216DDCC100BF6995 /* PostCell.swift */,
				5D40550D218891DF006ADE71 /* MessageCell.swift */,
				5DF7AE782198A334004407F0 /* ActivityRentCell.swift */,
				5D2A81782171F1B3006D2D24 /* GameDetailsCell.swift */,
				5DF7AE7A2198A34D004407F0 /* ActivityBuyCell.swift */,
				5DEA3F08221C263B0045E13E /* StateCell.swift */,
				5D8DBF78222E7AC8006D1CF3 /* CityCell.swift */,
				5D518BC1224930E80035CF5E /* ActivityRentCV.swift */,
				5DA3E6EE224BA93A00D4BC7F /* ActivityBuyCV.swift */,
				5D137CEB2257D36000FD7A11 /* SearchRentCell.swift */,
				623FBBEB22A6808700573A32 /* commentCell.swift */,
				62E57CEB23CB3BBC00316384 /* SearchShopCell.swift */,
				6286CD6F23CC72B900B3FD1A /* SearchPostCell.swift */,
				625A842C24715FBA00C4AF2D /* SliderCell.swift */,
				62D2FAF1247174AB003AB664 /* SaleCell.swift */,
				62497C752473C318001CAD1D /* ContentCell.swift */,
				62497C772473D7C6001CAD1D /* SaleCellCell.swift */,
				62E5A1192475236400858821 /* ContentCellCell.swift */,
			);
			path = Cells;
			sourceTree = "<group>";
		};
		5DBBFBD6214A99580037BFF6 = {
			isa = PBXGroup;
			children = (
				622B47662354E034004AF62C /* Default-568h@2x.png */,
				5DBBFBE1214A99580037BFF6 /* easyBazi */,
				5DBBFBE0214A99580037BFF6 /* Products */,
				24998A2F0E63CEAB788C7C61 /* Frameworks */,
				2AF08B4E0FEB86049958BD11 /* Pods */,
			);
			sourceTree = "<group>";
		};
		5DBBFBE0214A99580037BFF6 /* Products */ = {
			isa = PBXGroup;
			children = (
				5DBBFBDF214A99580037BFF6 /* EasyBazi.app */,
			);
			name = Products;
			sourceTree = "<group>";
		};
		5DBBFBE1214A99580037BFF6 /* easyBazi */ = {
			isa = PBXGroup;
			children = (
				41572131249F67C100C2FFF2 /* motorcycle.svg */,
				41572132249F67C100C2FFF2 /* save_money.svg */,
				5DEA3F0A221C2F190045E13E /* Helper */,
				5DBEA83021511F450026AA05 /* Resources */,
				5D12D371214E5A4400804F12 /* Model */,
				5D12D372214E5A5200804F12 /* View */,
				5D12D373214E5A5A00804F12 /* Controller */,
				5DBBFBE2214A99580037BFF6 /* AppDelegate.swift */,
				5DBBFBE9214A99580037BFF6 /* Assets.xcassets */,
				41572133249F695300C2FFF2 /* introthree.html */,
				41572134249F695300C2FFF2 /* introtwo.html */,
				629530C7247AD60000FA4B49 /* 1024.png */,
				5DBBFBEE214A99580037BFF6 /* Info.plist */,
				5D782E13217B1653007D01D8 /* DataModel.xcdatamodeld */,
			);
			path = easyBazi;
			sourceTree = "<group>";
		};
		5DBEA83021511F450026AA05 /* Resources */ = {
			isa = PBXGroup;
			children = (
				5D1B6A62219CA88F00155BDC /* SanFranciscoDisplay-Medium.otf */,
				6247E48322C80DDE00EDCFF9 /* IRAN_Sans_Bold.ttf */,
				5D70CB7F215142A9001D4C12 /* IRAN_Sans.ttf */,
			);
			path = Resources;
			sourceTree = "<group>";
		};
		5DEA3F0A221C2F190045E13E /* Helper */ = {
			isa = PBXGroup;
			children = (
				5DEA3F0B221C2F2A0045E13E /* Custom Color.swift */,
			);
			path = Helper;
			sourceTree = "<group>";
		};
/* End PBXGroup section */

/* Begin PBXNativeTarget section */
		5DBBFBDE214A99580037BFF6 /* EasyBazi */ = {
			isa = PBXNativeTarget;
			buildConfigurationList = 5DBBFBF1214A99580037BFF6 /* Build configuration list for PBXNativeTarget "EasyBazi" */;
			buildPhases = (
				4184C88BD850BB45CC924AC9 /* [CP] Check Pods Manifest.lock */,
				5DBBFBDB214A99580037BFF6 /* Sources */,
				5DBBFBDC214A99580037BFF6 /* Frameworks */,
				5DBBFBDD214A99580037BFF6 /* Resources */,
				17B677C17839A632157A2DA8 /* [CP] Copy Pods Resources */,
			);
			buildRules = (
			);
			dependencies = (
			);
			name = EasyBazi;
			productName = EziBazi2;
			productReference = 5DBBFBDF214A99580037BFF6 /* EasyBazi.app */;
			productType = "com.apple.product-type.application";
		};
/* End PBXNativeTarget section */

/* Begin PBXProject section */
		5DBBFBD7214A99580037BFF6 /* Project object */ = {
			isa = PBXProject;
			attributes = {
				LastSwiftUpdateCheck = 0900;
				LastUpgradeCheck = 1020;
				ORGANIZATIONNAME = AliArabgary;
				TargetAttributes = {
					5DBBFBDE214A99580037BFF6 = {
						CreatedOnToolsVersion = 9.0;
						ProvisioningStyle = Automatic;
					};
				};
			};
			buildConfigurationList = 5DBBFBDA214A99580037BFF6 /* Build configuration list for PBXProject "EasyBazi" */;
			compatibilityVersion = "Xcode 8.0";
			developmentRegion = en;
			hasScannedForEncodings = 0;
			knownRegions = (
				en,
				Base,
			);
			mainGroup = 5DBBFBD6214A99580037BFF6;
			productRefGroup = 5DBBFBE0214A99580037BFF6 /* Products */;
			projectDirPath = "";
			projectRoot = "";
			targets = (
				5DBBFBDE214A99580037BFF6 /* EasyBazi */,
			);
		};
/* End PBXProject section */

/* Begin PBXResourcesBuildPhase section */
		5DBBFBDD214A99580037BFF6 /* Resources */ = {
			isa = PBXResourcesBuildPhase;
			buildActionMask = 2147483647;
			files = (
				629530C8247AD60000FA4B49 /* 1024.png in Resources */,
				6247E48422C811BB00EDCFF9 /* IRAN_Sans_Bold.ttf in Resources */,
				41572135249F695300C2FFF2 /* introthree.html in Resources */,
				4157212F249F67B800C2FFF2 /* motorcycle.svg in Resources */,
				5DC05178222FCC00002EE2F6 /* IRAN_Sans.ttf in Resources */,
				62DBA0F8247AD313005E2197 /* Launch Screen.storyboard in Resources */,
				5D1B6A63219CA8C600155BDC /* SanFranciscoDisplay-Medium.otf in Resources */,
				41572130249F67B800C2FFF2 /* save_money.svg in Resources */,
				5DBBFBEA214A99580037BFF6 /* Assets.xcassets in Resources */,
				622B47672354E034004AF62C /* Default-568h@2x.png in Resources */,
				41572136249F695300C2FFF2 /* introtwo.html in Resources */,
				5DBBFBE8214A99580037BFF6 /* Main.storyboard in Resources */,
			);
			runOnlyForDeploymentPostprocessing = 0;
		};
/* End PBXResourcesBuildPhase section */

/* Begin PBXShellScriptBuildPhase section */
		17B677C17839A632157A2DA8 /* [CP] Copy Pods Resources */ = {
			isa = PBXShellScriptBuildPhase;
			buildActionMask = 2147483647;
			files = (
			);
			inputPaths = (
				"${PODS_ROOT}/Target Support Files/Pods-EasyBazi/Pods-EasyBazi-resources.sh",
				"${PODS_ROOT}/SVProgressHUD/SVProgressHUD/SVProgressHUD.bundle",
			);
			name = "[CP] Copy Pods Resources";
			outputPaths = (
				"${TARGET_BUILD_DIR}/${UNLOCALIZED_RESOURCES_FOLDER_PATH}/SVProgressHUD.bundle",
			);
			runOnlyForDeploymentPostprocessing = 0;
			shellPath = /bin/sh;
			shellScript = "\"${PODS_ROOT}/Target Support Files/Pods-EasyBazi/Pods-EasyBazi-resources.sh\"\n";
			showEnvVarsInLog = 0;
		};
		4184C88BD850BB45CC924AC9 /* [CP] Check Pods Manifest.lock */ = {
			isa = PBXShellScriptBuildPhase;
			buildActionMask = 2147483647;
			files = (
			);
			inputFileListPaths = (
			);
			inputPaths = (
				"${PODS_PODFILE_DIR_PATH}/Podfile.lock",
				"${PODS_ROOT}/Manifest.lock",
			);
			name = "[CP] Check Pods Manifest.lock";
			outputFileListPaths = (
			);
			outputPaths = (
				"$(DERIVED_FILE_DIR)/Pods-EasyBazi-checkManifestLockResult.txt",
			);
			runOnlyForDeploymentPostprocessing = 0;
			shellPath = /bin/sh;
			shellScript = "diff \"${PODS_PODFILE_DIR_PATH}/Podfile.lock\" \"${PODS_ROOT}/Manifest.lock\" > /dev/null\nif [ $? != 0 ] ; then\n    # print error to STDERR\n    echo \"error: The sandbox is not in sync with the Podfile.lock. Run 'pod install' or update your CocoaPods installation.\" >&2\n    exit 1\nfi\n# This output is used by Xcode 'outputs' to avoid re-running this script phase.\necho \"SUCCESS\" > \"${SCRIPT_OUTPUT_FILE_0}\"\n";
			showEnvVarsInLog = 0;
		};
/* End PBXShellScriptBuildPhase section */

/* Begin PBXSourcesBuildPhase section */
		5DBBFBDB214A99580037BFF6 /* Sources */ = {
			isa = PBXSourcesBuildPhase;
			buildActionMask = 2147483647;
			files = (
				41F96131249DE57A00F83170 /* GetSingleGame.swift in Sources */,
				5D782E15217B1653007D01D8 /* DataModel.xcdatamodeld in Sources */,
				5DA3E6EF224BA93A00D4BC7F /* ActivityBuyCV.swift in Sources */,
				62FB2FD0240FC930004B8B53 /* ResetPassword.swift in Sources */,
				5DBBFBE5214A99580037BFF6 /* HomeViewController.swift in Sources */,
				5D4ECE372168CBFA001A7DE6 /* SearchCell.swift in Sources */,
				5D2A81792171F1B3006D2D24 /* GameDetailsCell.swift in Sources */,
				625A842D24715FBA00C4AF2D /* SliderCell.swift in Sources */,
				5D07C8F821B40812005F4D33 /* RentVC.swift in Sources */,
				5D4055102188920F006ADE71 /* SupportVC.swift in Sources */,
				5DF7AE7D2198B097004407F0 /* RentActivity.swift in Sources */,
				5D2A817D21724546006D2D24 /* GetDataForSlider.swift in Sources */,
				62D2FAF2247174AB003AB664 /* SaleCell.swift in Sources */,
				5D348A67216F4BCC004CD001 /* GetDataForSaleVC.swift in Sources */,
				62FB2FD2240FCED3004B8B53 /* NewPasswordViewController.swift in Sources */,
				62BBB1A623D9AA7400277865 /* RenewalViewController.swift in Sources */,
				62721DB12413AD6800B66AB0 /* Reckogning.swift in Sources */,
				5D942AB32177256900EA96DC /* ProfileController.swift in Sources */,
				62497C782473D7C6001CAD1D /* SaleCellCell.swift in Sources */,
				5DEA3F0C221C2F2A0045E13E /* Custom Color.swift in Sources */,
				5D0101252194630C00DEB2F4 /* NewMessage.swift in Sources */,
				626ED4A424165F3900F3A9FB /* RentExtensionWithWallet.swift in Sources */,
				5D790D76217B7C1100A0FBD1 /* CommentsVC.swift in Sources */,
				5D348A69216F4C0D004CD001 /* GetDataForSaleCV.swift in Sources */,
				62713BE624178C800033BD28 /* IntroCell.swift in Sources */,
				626C9A4E23E6D6AF0030E7BD /* SignupDetailesViewController.swift in Sources */,
				62AA832A23C909F7004E6F6C /* GameShopWithEpay.swift in Sources */,
				5DA3E6F1224BD3FB00D4BC7F /* circleWithProgress.swift in Sources */,
				62B204AE22AE64DF0015998E /* WebViewController.swift in Sources */,
				5DFB6EE6215CE5E400CE384E /* GameParser.swift in Sources */,
				5D1BDD08215B8E01006741CF /* RentTableViewCell.swift in Sources */,
				5D4ECE392168D1BF001A7DE6 /* Search.swift in Sources */,
				5D2A817B21721734006D2D24 /* GetDataForPostCV.swift in Sources */,
				627423B2240A69BC000B7232 /* GetVerificationCode.swift in Sources */,
				62DE9C2523D089120033C981 /* ShopWallet.swift in Sources */,
				5DF15B47215BB45C00484A77 /* saleTableViewCell.swift in Sources */,
				5D1BDD05215B8D96006741CF /* RentViewController.swift in Sources */,
				6286CD7023CC72B900B3FD1A /* SearchPostCell.swift in Sources */,
				5D40550E218891DF006ADE71 /* MessageCell.swift in Sources */,
				5DA83E2D222FDD3300692F63 /* Comment View.swift in Sources */,
				5D22F875217F1E4000765CE4 /* LogOut.swift in Sources */,
				62713BE424178C220033BD28 /* IntroductionCollectionViewController.swift in Sources */,
				623B607723C5FA3A00051836 /* RentTypes.swift in Sources */,
				5D90D999216F680900209A9B /* GameDetails.swift in Sources */,
				5DC190F72151279200B08D9E /* SaleCollectionViewCell.swift in Sources */,
				5D8DBF79222E7AC8006D1CF3 /* CityCell.swift in Sources */,
				5D6689CC2199B87200FA752E /* BuyActivity.swift in Sources */,
				5D010123219460CB00DEB2F4 /* MessageSeen.swift in Sources */,
				62497C762473C318001CAD1D /* ContentCell.swift in Sources */,
				5DBBFBE3214A99580037BFF6 /* AppDelegate.swift in Sources */,
				5DBE570122494C7700BFE4A5 /* ActivityMenu.swift in Sources */,
				626ED4A224165BC100F3A9FB /* penalty.swift in Sources */,
				5DEA75792162652C0063274E /* SearchViewController.swift in Sources */,
				623FBBEC22A6808700573A32 /* commentCell.swift in Sources */,
				6269576E23D2FA6800B800A6 /* IncreaseCredit.swift in Sources */,
				5D366306217719190097FC6A /* SignUp.swift in Sources */,
				5D4ECE342168BCED001A7DE6 /* SearchFooter.swift in Sources */,
				5DF7AE792198A334004407F0 /* ActivityRentCell.swift in Sources */,
				5D782E3E217B61D5007D01D8 /* SignIn.swift in Sources */,
				5D137CEC2257D36000FD7A11 /* SearchRentCell.swift in Sources */,
				62AA831E23C8E194004E6F6C /* RentGameEpay.swift in Sources */,
				5D8483B82166416F00F52705 /* GetDataForRelated.swift in Sources */,
				5D70CB7921513A2C001D4C12 /* RentCollectionViewCell.swift in Sources */,
				62268B65240DB0E7000FDDD9 /* VerificationViewController.swift in Sources */,
				5D180CCD21A8373500DE444A /* UserFinance.swift in Sources */,
				62AA832023C8F7C6004E6F6C /* ShopVC.swift in Sources */,
				62E57CEC23CB3BBC00316384 /* SearchShopCell.swift in Sources */,
				5DEA3F0E221C33C80045E13E /* States.swift in Sources */,
				5DE4A87B217DDCDF00F03635 /* Comment.swift in Sources */,
				62DE9C2323D087BA0033C981 /* ShopGameWithWallet.swift in Sources */,
				5D17F7F7218AFCFF00DECDB8 /* SendMessage.swift in Sources */,
				620BF08822E9E8AE008BF90F /* ForgetPassword.swift in Sources */,
				5D518BC2224930E80035CF5E /* ActivityRentCV.swift in Sources */,
				625C500D23C8B332005C1B8C /* RentEpay.swift in Sources */,
				62AA832623C90762004E6F6C /* RentWallet.swift in Sources */,
				5D790D7A217B7EE700A0FBD1 /* GetDataForComments.swift in Sources */,
				626ED4A824166D4F00F3A9FB /* Discount.swift in Sources */,
				5D70CB7B21513E22001D4C12 /* NewsCollectionViewCell.swift in Sources */,
				5D4721C121A9B3F9005F9D6A /* Formatter.swift in Sources */,
				62E5A11A2475236400858821 /* ContentCellCell.swift in Sources */,
				62AA831C23C8D782004E6F6C /* Address.swift in Sources */,
				5DEA3F07221C25EE0045E13E /* BottomList.swift in Sources */,
				626ED4A624166B8D00F3A9FB /* RentExtensionWithEpay.swift in Sources */,
				5D348A6B216F4C1B004CD001 /* GetDataForRentCV.swift in Sources */,
				62AA832823C907FF004E6F6C /* RentGameWallet.swift in Sources */,
				5DEA3F09221C263B0045E13E /* StateCell.swift in Sources */,
				62AA832423C8FAF9004E6F6C /* BottomListShop.swift in Sources */,
				5DF15B45215BB41000484A77 /* SaleViewController.swift in Sources */,
				5D3AED5E21A198FC007A1040 /* ReachabilityManager.swift in Sources */,
				5D348A65216F481A004CD001 /* GetDataForRentVC.swift in Sources */,
				62721DB32413B14D00B66AB0 /* ReckogningViewController.swift in Sources */,
				5DFD8A7A216DDCC100BF6995 /* PostCell.swift in Sources */,
				625FB35C23CC874500F69347 /* increaseAccountBalance.swift in Sources */,
				5DF7AE7721988D61004407F0 /* ActivityViewController.swift in Sources */,
				6288C3E222AA8407000DB3EC /* Reckoning View.swift in Sources */,
				5DF7AE7B2198A34D004407F0 /* ActivityBuyCell.swift in Sources */,
				62AA832223C8FA6E004E6F6C /* ShopEpay.swift in Sources */,
			);
			runOnlyForDeploymentPostprocessing = 0;
		};
/* End PBXSourcesBuildPhase section */

/* Begin PBXVariantGroup section */
		5DBBFBE6214A99580037BFF6 /* Main.storyboard */ = {
			isa = PBXVariantGroup;
			children = (
				5DBBFBE7214A99580037BFF6 /* Base */,
			);
			name = Main.storyboard;
			sourceTree = "<group>";
		};
/* End PBXVariantGroup section */

/* Begin XCBuildConfiguration section */
		5DBBFBEF214A99580037BFF6 /* Debug */ = {
			isa = XCBuildConfiguration;
			buildSettings = {
				ALWAYS_SEARCH_USER_PATHS = NO;
				CLANG_ANALYZER_NONNULL = YES;
				CLANG_ANALYZER_NUMBER_OBJECT_CONVERSION = YES_AGGRESSIVE;
				CLANG_CXX_LANGUAGE_STANDARD = "gnu++14";
				CLANG_CXX_LIBRARY = "libc++";
				CLANG_ENABLE_MODULES = YES;
				CLANG_ENABLE_OBJC_ARC = YES;
				CLANG_WARN_BLOCK_CAPTURE_AUTORELEASING = YES;
				CLANG_WARN_BOOL_CONVERSION = YES;
				CLANG_WARN_COMMA = YES;
				CLANG_WARN_CONSTANT_CONVERSION = YES;
				CLANG_WARN_DEPRECATED_OBJC_IMPLEMENTATIONS = YES;
				CLANG_WARN_DIRECT_OBJC_ISA_USAGE = YES_ERROR;
				CLANG_WARN_DOCUMENTATION_COMMENTS = YES;
				CLANG_WARN_EMPTY_BODY = YES;
				CLANG_WARN_ENUM_CONVERSION = YES;
				CLANG_WARN_INFINITE_RECURSION = YES;
				CLANG_WARN_INT_CONVERSION = YES;
				CLANG_WARN_NON_LITERAL_NULL_CONVERSION = YES;
				CLANG_WARN_OBJC_IMPLICIT_RETAIN_SELF = YES;
				CLANG_WARN_OBJC_LITERAL_CONVERSION = YES;
				CLANG_WARN_OBJC_ROOT_CLASS = YES_ERROR;
				CLANG_WARN_RANGE_LOOP_ANALYSIS = YES;
				CLANG_WARN_STRICT_PROTOTYPES = YES;
				CLANG_WARN_SUSPICIOUS_MOVE = YES;
				CLANG_WARN_UNGUARDED_AVAILABILITY = YES_AGGRESSIVE;
				CLANG_WARN_UNREACHABLE_CODE = YES;
				CLANG_WARN__DUPLICATE_METHOD_MATCH = YES;
				CODE_SIGN_IDENTITY = "iPhone Developer";
				COPY_PHASE_STRIP = NO;
				DEBUG_INFORMATION_FORMAT = dwarf;
				ENABLE_STRICT_OBJC_MSGSEND = YES;
				ENABLE_TESTABILITY = YES;
				GCC_C_LANGUAGE_STANDARD = gnu11;
				GCC_DYNAMIC_NO_PIC = NO;
				GCC_NO_COMMON_BLOCKS = YES;
				GCC_OPTIMIZATION_LEVEL = 0;
				GCC_PREPROCESSOR_DEFINITIONS = (
					"DEBUG=1",
					"$(inherited)",
				);
				GCC_WARN_64_TO_32_BIT_CONVERSION = YES;
				GCC_WARN_ABOUT_RETURN_TYPE = YES_ERROR;
				GCC_WARN_UNDECLARED_SELECTOR = YES;
				GCC_WARN_UNINITIALIZED_AUTOS = YES_AGGRESSIVE;
				GCC_WARN_UNUSED_FUNCTION = YES;
				GCC_WARN_UNUSED_VARIABLE = YES;
				IPHONEOS_DEPLOYMENT_TARGET = 11.0;
				MTL_ENABLE_DEBUG_INFO = YES;
				ONLY_ACTIVE_ARCH = YES;
				SDKROOT = iphoneos;
				SWIFT_ACTIVE_COMPILATION_CONDITIONS = DEBUG;
				SWIFT_OPTIMIZATION_LEVEL = "-Onone";
			};
			name = Debug;
		};
		5DBBFBF0214A99580037BFF6 /* Release */ = {
			isa = XCBuildConfiguration;
			buildSettings = {
				ALWAYS_SEARCH_USER_PATHS = NO;
				CLANG_ANALYZER_NONNULL = YES;
				CLANG_ANALYZER_NUMBER_OBJECT_CONVERSION = YES_AGGRESSIVE;
				CLANG_CXX_LANGUAGE_STANDARD = "gnu++14";
				CLANG_CXX_LIBRARY = "libc++";
				CLANG_ENABLE_MODULES = YES;
				CLANG_ENABLE_OBJC_ARC = YES;
				CLANG_WARN_BLOCK_CAPTURE_AUTORELEASING = YES;
				CLANG_WARN_BOOL_CONVERSION = YES;
				CLANG_WARN_COMMA = YES;
				CLANG_WARN_CONSTANT_CONVERSION = YES;
				CLANG_WARN_DEPRECATED_OBJC_IMPLEMENTATIONS = YES;
				CLANG_WARN_DIRECT_OBJC_ISA_USAGE = YES_ERROR;
				CLANG_WARN_DOCUMENTATION_COMMENTS = YES;
				CLANG_WARN_EMPTY_BODY = YES;
				CLANG_WARN_ENUM_CONVERSION = YES;
				CLANG_WARN_INFINITE_RECURSION = YES;
				CLANG_WARN_INT_CONVERSION = YES;
				CLANG_WARN_NON_LITERAL_NULL_CONVERSION = YES;
				CLANG_WARN_OBJC_IMPLICIT_RETAIN_SELF = YES;
				CLANG_WARN_OBJC_LITERAL_CONVERSION = YES;
				CLANG_WARN_OBJC_ROOT_CLASS = YES_ERROR;
				CLANG_WARN_RANGE_LOOP_ANALYSIS = YES;
				CLANG_WARN_STRICT_PROTOTYPES = YES;
				CLANG_WARN_SUSPICIOUS_MOVE = YES;
				CLANG_WARN_UNGUARDED_AVAILABILITY = YES_AGGRESSIVE;
				CLANG_WARN_UNREACHABLE_CODE = YES;
				CLANG_WARN__DUPLICATE_METHOD_MATCH = YES;
				CODE_SIGN_IDENTITY = "iPhone Developer";
				COPY_PHASE_STRIP = NO;
				DEBUG_INFORMATION_FORMAT = "dwarf-with-dsym";
				ENABLE_NS_ASSERTIONS = NO;
				ENABLE_STRICT_OBJC_MSGSEND = YES;
				GCC_C_LANGUAGE_STANDARD = gnu11;
				GCC_NO_COMMON_BLOCKS = YES;
				GCC_WARN_64_TO_32_BIT_CONVERSION = YES;
				GCC_WARN_ABOUT_RETURN_TYPE = YES_ERROR;
				GCC_WARN_UNDECLARED_SELECTOR = YES;
				GCC_WARN_UNINITIALIZED_AUTOS = YES_AGGRESSIVE;
				GCC_WARN_UNUSED_FUNCTION = YES;
				GCC_WARN_UNUSED_VARIABLE = YES;
				IPHONEOS_DEPLOYMENT_TARGET = 11.0;
				MTL_ENABLE_DEBUG_INFO = NO;
				SDKROOT = iphoneos;
				SWIFT_OPTIMIZATION_LEVEL = "-Owholemodule";
				VALIDATE_PRODUCT = YES;
			};
			name = Release;
		};
		5DBBFBF2214A99580037BFF6 /* Debug */ = {
			isa = XCBuildConfiguration;
			baseConfigurationReference = A25970772B6DD77E08463A6C /* Pods-EasyBazi.debug.xcconfig */;
			buildSettings = {
				ASSETCATALOG_COMPILER_APPICON_NAME = AppIcon;
				CODE_SIGN_IDENTITY = "Apple Development";
				CODE_SIGN_STYLE = Automatic;
				CURRENT_PROJECT_VERSION = 1.0.2;
				DEBUG_ACTIVITY_MODE = "";
				"DEBUG_ACTIVITY_MODE[arch=*]" = default;
				DEVELOPMENT_TEAM = AA3L2V9T68;
				INFOPLIST_FILE = "$(SRCROOT)/easyBazi/Info.plist";
				LD_RUNPATH_SEARCH_PATHS = "$(inherited) @executable_path/Frameworks";
				MARKETING_VERSION = 1.0.2;
				PRODUCT_BUNDLE_IDENTIFIER = sabalan.paydar.mohtasham.easyBazi;
				PRODUCT_NAME = "$(TARGET_NAME)";
				PROVISIONING_PROFILE_SPECIFIER = "";
				SWIFT_VERSION = 4.0;
				TARGETED_DEVICE_FAMILY = 1;
			};
			name = Debug;
		};
		5DBBFBF3214A99580037BFF6 /* Release */ = {
			isa = XCBuildConfiguration;
			baseConfigurationReference = 7785E10EFCED79D8C03AAFA4 /* Pods-EasyBazi.release.xcconfig */;
			buildSettings = {
				ASSETCATALOG_COMPILER_APPICON_NAME = AppIcon;
				CODE_SIGN_IDENTITY = "Apple Development";
				CODE_SIGN_STYLE = Automatic;
				CURRENT_PROJECT_VERSION = 1.0.2;
				DEBUG_ACTIVITY_MODE = "";
				DEVELOPMENT_TEAM = AA3L2V9T68;
				INFOPLIST_FILE = "$(SRCROOT)/easyBazi/Info.plist";
				LD_RUNPATH_SEARCH_PATHS = "$(inherited) @executable_path/Frameworks";
				MARKETING_VERSION = 1.0.2;
				PRODUCT_BUNDLE_IDENTIFIER = sabalan.paydar.mohtasham.easyBazi;
				PRODUCT_NAME = "$(TARGET_NAME)";
				PROVISIONING_PROFILE_SPECIFIER = "";
				SWIFT_VERSION = 4.0;
				TARGETED_DEVICE_FAMILY = 1;
			};
			name = Release;
		};
/* End XCBuildConfiguration section */

/* Begin XCConfigurationList section */
		5DBBFBDA214A99580037BFF6 /* Build configuration list for PBXProject "EasyBazi" */ = {
			isa = XCConfigurationList;
			buildConfigurations = (
				5DBBFBEF214A99580037BFF6 /* Debug */,
				5DBBFBF0214A99580037BFF6 /* Release */,
			);
			defaultConfigurationIsVisible = 0;
			defaultConfigurationName = Release;
		};
		5DBBFBF1214A99580037BFF6 /* Build configuration list for PBXNativeTarget "EasyBazi" */ = {
			isa = XCConfigurationList;
			buildConfigurations = (
				5DBBFBF2214A99580037BFF6 /* Debug */,
				5DBBFBF3214A99580037BFF6 /* Release */,
			);
			defaultConfigurationIsVisible = 0;
			defaultConfigurationName = Release;
		};
/* End XCConfigurationList section */

/* Begin XCVersionGroup section */
		5D782E13217B1653007D01D8 /* DataModel.xcdatamodeld */ = {
			isa = XCVersionGroup;
			children = (
				5D782E14217B1653007D01D8 /* DataModel.xcdatamodel */,
			);
			currentVersion = 5D782E14217B1653007D01D8 /* DataModel.xcdatamodel */;
			path = DataModel.xcdatamodeld;
			sourceTree = "<group>";
			versionGroupType = wrapper.xcdatamodel;
		};
/* End XCVersionGroup section */
	};
	rootObject = 5DBBFBD7214A99580037BFF6 /* Project object */;
}
